{
  "originHash" : "5c635147502c0d6495e88b92355a295cb15f403e9f6a6ed097b0a93daa797bca",
  "pins" : [
    {
      "identity" : "googlemobileadswrapper",
      "kind" : "remoteSourceControl",
      "location" : "https://github.com/muhiro12/GoogleMobileAdsWrapper.git",
      "state" : {
        "revision" : "c42c42a6e79bab474f0c9b80be5c7fd56197b0ba",
        "version" : "1.3.0"
      }
    },
    {
      "identity" : "licenselist",
      "kind" : "remoteSourceControl",
      "location" : "https://github.com/cybozu/LicenseList.git",
      "state" : {
        "revision" : "56f1b5724138e4d9f60453b555edc80e43805503",
        "version" : "2.2.0"
      }
    },
    {
      "identity" : "mhplatform",
      "kind" : "remoteSourceControl",
      "location" : "https://github.com/muhiro12/MHPlatform.git",
      "state" : {
        "revision" : "083817e803431d33825a5878593d63e399053ed9"
      }
    },
    {
      "identity" : "storekitwrapper",
      "kind" : "remoteSourceControl",
      "location" : "https://github.com/muhiro12/StoreKitWrapper.git",
      "state" : {
        "revision" : "c43d9cd7f68eb66d63f6b258af48c9825c1f0d00",
        "version" : "1.2.0"
      }
    },
    {
      "identity" : "swift-package-manager-google-mobile-ads",
      "kind" : "remoteSourceControl",
      "location" : "https://github.com/googleads/swift-package-manager-google-mobile-ads.git",
      "state" : {
        "revision" : "1239c23464503053c17d37ee5daa70de3455e9c8",
        "version" : "12.14.0"
      }
    },
    {
      "identity" : "swift-package-manager-google-user-messaging-platform",
      "kind" : "remoteSourceControl",
      "location" : "https://github.com/googleads/swift-package-manager-google-user-messaging-platform.git",
      "state" : {
        "revision" : "13b248eaa73b7826f0efb1bcf455e251d65ecb1b",
        "version" : "3.1.0"
      }
    }
  ],
  "version" : 3
}
